core:changelogs:
  - content: "---\npackages:\n  group:dimah-form:\n    type: patch\n---\n\n### Align package metadata and TypeScript emit\n\n- npm `author` is `dimah` on every `@dimah-form/*` package.\n- `FormField` is a type alias instead of an interface.\n- Declaration files use `verbatimModuleSyntax` (type-only imports). Runtime API is unchanged.\n"
    filename: 2026-09-17-c4e91a.md
    v: 0.0.0
core:packages:
  - changelogIds:
      - 2026-09-17-c4e91a.md
    id: npm:@dimah-form/core
    updated: true
  - changelogIds:
      - 2026-09-17-c4e91a.md
    id: npm:@dimah-form/db
    updated: true
  - changelogIds:
      - 2026-09-17-c4e91a.md
    id: npm:@dimah-form/react
    updated: true
  - changelogIds:
      - 2026-09-17-c4e91a.md
    id: npm:@dimah-form/server
    updated: true
npm:packages:
  - id: npm:@dimah-form/core
  - id: npm:@dimah-form/db
  - id: npm:@dimah-form/react
  - id: npm:@dimah-form/server
