core:changelogs:
  - content: "---\npackages:\n  group:dimah-form:\n    type: major\n---\n\n### Require Node.js 24 and ES2025\n\nPublished packages compile to ES2025. The repo Node.js baseline is 24 or later.\n"
    filename: 2026-09-18-es2025.md
    v: 0.0.0
core:packages:
  - changelogIds:
      - 2026-09-18-es2025.md
    id: npm:@dimah-form/core
    updated: true
  - changelogIds:
      - 2026-09-18-es2025.md
    id: npm:@dimah-form/db
    updated: true
  - changelogIds:
      - 2026-09-18-es2025.md
    id: npm:@dimah-form/react
    updated: true
  - changelogIds:
      - 2026-09-18-es2025.md
    id: npm:@dimah-form/server
    updated: true
  - changelogIds:
      - 2026-09-18-es2025.md
    id: npm:@dimah-form/docs
    updated: true
npm:packages:
  - id: npm:@dimah-form/core
  - id: npm:@dimah-form/db
  - id: npm:@dimah-form/react
  - id: npm:@dimah-form/server
  - id: npm:@dimah-form/docs
